// !$*UTF8*$!
{ "archiveVersion" = 1; "classes" = {  }; "objectVersion" = 56; "objects" = { "C955CD401DDAB00F47A58DC3" = { "isa" = "PBXFileReference"; "lastKnownFileType" = "sourcecode.swift"; "path" = "App/Models/BackupRecord.swift"; "sourceTree" = "<group>"; }; "7B8EB8C6608FC4327A65A72F" = { "isa" = "PBXBuildFile"; "fileRef" = C955CD401DDAB00F47A58DC3; }; "F89B661013D764BBF1B69690" = { "isa" = "PBXFileReference"; "lastKnownFileType" = "sourcecode.swift"; "path" = "App/Models/Media.swift"; "sourceTree" = "<group>"; }; "4CD93254755EB8C1F2E80684" = { "isa" = "PBXBuildFile"; "fileRef" = F89B661013D764BBF1B69690; }; "5D41EDF3E9895D2826CC84AF" = { "isa" = "PBXFileReference"; "lastKnownFileType" = "sourcecode.swift"; "path" = "App/Models/TransferRecord.swift"; "sourceTree" = "<group>"; }; "1DB67CE41E34F14E3E03AF5E" = { "isa" = "PBXBuildFile"; "fileRef" = 5D41EDF3E9895D2826CC84AF; }; "E21B7C9A4EC551CD21F4409A" = { "isa" = "PBXFileReference"; "lastKnownFileType" = "sourcecode.swift"; "path" = "App/PinHaoYunApp.swift"; "sourceTree" = "<group>"; }; "8725AB56E37EAF24442C7377" = { "isa" = "PBXBuildFile"; "fileRef" = E21B7C9A4EC551CD21F4409A; }; "B97D70554917FC89A92480F2" = { "isa" = "PBXFileReference"; "lastKnownFileType" = "text.json.xcstrings"; "path" = "App/Resources/Localizable.xcstrings"; "sourceTree" = "<group>"; }; "1F6E259A6FB48A47B169043B" = { "isa" = "PBXBuildFile"; "fileRef" = B97D70554917FC89A92480F2; }; "B0E5D18AB35E9BE77584F6F2" = { "isa" = "PBXFileReference"; "lastKnownFileType" = "text.xml"; "path" = "App/Resources/PrivacyInfo.xcprivacy"; "sourceTree" = "<group>"; }; "7BB87A1DD03CE2DFAFA930F4" = { "isa" = "PBXBuildFile"; "fileRef" = B0E5D18AB35E9BE77584F6F2; }; "DBC0632E95AA42593FAABCEF" = { "isa" = "PBXFileReference"; "lastKnownFileType" = "sourcecode.swift"; "path" = "App/Services/APIClient.swift"; "sourceTree" = "<group>"; }; "844E845F91D5A81B4998CF85" = { "isa" = "PBXBuildFile"; "fileRef" = DBC0632E95AA42593FAABCEF; }; "404880076E956D3F6D94086D" = { "isa" = "PBXFileReference"; "lastKnownFileType" = "sourcecode.swift"; "path" = "App/Services/BackupDiagnostics.swift"; "sourceTree" = "<group>"; }; "E14E407295AFEC648534C81A" = { "isa" = "PBXBuildFile"; "fileRef" = 404880076E956D3F6D94086D; }; "6C0BA915872587F215A09016" = { "isa" = "PBXFileReference"; "lastKnownFileType" = "sourcecode.swift"; "path" = "App/Services/BackupManager.swift"; "sourceTree" = "<group>"; }; "6899AC41645354E855CFBD5B" = { "isa" = "PBXBuildFile"; "fileRef" = 6C0BA915872587F215A09016; }; "3F0BD2893841913A58E28DDA" = { "isa" = "PBXFileReference"; "lastKnownFileType" = "sourcecode.swift"; "path" = "App/Services/Keychain.swift"; "sourceTree" = "<group>"; }; "7E3B8E725218FDB6E9CBB504" = { "isa" = "PBXBuildFile"; "fileRef" = 3F0BD2893841913A58E28DDA; }; "5B8B6C644EDB6E3C062EE65F" = { "isa" = "PBXFileReference"; "lastKnownFileType" = "sourcecode.swift"; "path" = "App/Services/PhotoImporter.swift"; "sourceTree" = "<group>"; }; "0A063F6B253C632F42435A55" = { "isa" = "PBXBuildFile"; "fileRef" = 5B8B6C644EDB6E3C062EE65F; }; "D0A8420A96D3B9E53C714992" = { "isa" = "PBXFileReference"; "lastKnownFileType" = "sourcecode.swift"; "path" = "App/Services/PhotoResourceExport.swift"; "sourceTree" = "<group>"; }; "1582E9EC982A6C46B1A45E38" = { "isa" = "PBXBuildFile"; "fileRef" = D0A8420A96D3B9E53C714992; }; "F3D760AD97B4BE47D8A57B96" = { "isa" = "PBXFileReference"; "lastKnownFileType" = "sourcecode.swift"; "path" = "App/Services/TransferManager.swift"; "sourceTree" = "<group>"; }; "805A41C0F23DBE1669E78570" = { "isa" = "PBXBuildFile"; "fileRef" = F3D760AD97B4BE47D8A57B96; }; "89864C1267C042B03D4E3344" = { "isa" = "PBXFileReference"; "lastKnownFileType" = "sourcecode.swift"; "path" = "App/Views/AccountView.swift"; "sourceTree" = "<group>"; }; "61D91C0670B6441A57D29827" = { "isa" = "PBXBuildFile"; "fileRef" = 89864C1267C042B03D4E3344; }; "95748857D287C14A20278824" = { "isa" = "PBXFileReference"; "lastKnownFileType" = "sourcecode.swift"; "path" = "App/Views/AuthView.swift"; "sourceTree" = "<group>"; }; "0A9B92639920DE14FF66C725" = { "isa" = "PBXBuildFile"; "fileRef" = 95748857D287C14A20278824; }; "4AF2B89531B9E765FF83B0AD" = { "isa" = "PBXFileReference"; "lastKnownFileType" = "sourcecode.swift"; "path" = "App/Views/BackupSettingsView.swift"; "sourceTree" = "<group>"; }; "A1A23D2A3894006A1A165C5F" = { "isa" = "PBXBuildFile"; "fileRef" = 4AF2B89531B9E765FF83B0AD; }; "60127838A5CF3C5F070263B9" = { "isa" = "PBXFileReference"; "lastKnownFileType" = "sourcecode.swift"; "path" = "App/Views/LibraryView.swift"; "sourceTree" = "<group>"; }; "8B610464D39FE3165B135615" = { "isa" = "PBXBuildFile"; "fileRef" = 60127838A5CF3C5F070263B9; }; "FF9201AE634A87FDA795CDD6" = { "isa" = "PBXFileReference"; "lastKnownFileType" = "sourcecode.swift"; "path" = "App/Views/MediaDetailView.swift"; "sourceTree" = "<group>"; }; "054B4EEB5CC7B404817FE7CE" = { "isa" = "PBXBuildFile"; "fileRef" = FF9201AE634A87FDA795CDD6; }; "0BF1DA254FD8E848A59F867E" = { "isa" = "PBXFileReference"; "lastKnownFileType" = "sourcecode.swift"; "path" = "App/Views/PolicyViews.swift"; "sourceTree" = "<group>"; }; "F63A2347BEC2AF63D0285467" = { "isa" = "PBXBuildFile"; "fileRef" = 0BF1DA254FD8E848A59F867E; }; "49ED4F2CF8F2C42AF2E07948" = { "isa" = "PBXFileReference"; "lastKnownFileType" = "sourcecode.swift"; "path" = "App/Views/TransfersView.swift"; "sourceTree" = "<group>"; }; "719939BD3FFE5E2F2348EE18" = { "isa" = "PBXBuildFile"; "fileRef" = 49ED4F2CF8F2C42AF2E07948; }; "9F0269B6077AB2AEB33F2065" = { "isa" = "PBXFileReference"; "lastKnownFileType" = "sourcecode.swift"; "path" = "Tests/BackupTests.swift"; "sourceTree" = "<group>"; }; "3A35FFAEB72AB9886C8C7996" = { "isa" = "PBXBuildFile"; "fileRef" = 9F0269B6077AB2AEB33F2065; }; "7FABE174E0F7A3305D2AB747" = { "isa" = "PBXFileReference"; "lastKnownFileType" = "sourcecode.swift"; "path" = "Tests/CoreTests.swift"; "sourceTree" = "<group>"; }; "B9B9454BA276C759C462DE07" = { "isa" = "PBXBuildFile"; "fileRef" = 7FABE174E0F7A3305D2AB747; }; "16E7D55F9F0647CB3C104449" = { "isa" = "PBXFileReference"; "lastKnownFileType" = "folder.assetcatalog"; "path" = "App/Resources/Assets.xcassets"; "sourceTree" = "<group>"; }; "6D3E1FE7B9D4981A01FED2ED" = { "isa" = "PBXBuildFile"; "fileRef" = 16E7D55F9F0647CB3C104449; }; "B2CDC0417F77B3E22B62AD41" = { "isa" = "PBXFileReference"; "lastKnownFileType" = "text.plist.strings"; "name" = "en"; "path" = "App/Resources/en.lproj/InfoPlist.strings"; "sourceTree" = "<group>"; }; "046FED39B559B1EC79B7898A" = { "isa" = "PBXFileReference"; "lastKnownFileType" = "text.plist.strings"; "name" = "zh-Hans"; "path" = "App/Resources/zh-Hans.lproj/InfoPlist.strings"; "sourceTree" = "<group>"; }; "9EEF7ED8BA243320704718F1" = { "isa" = "PBXVariantGroup"; "children" = ( B2CDC0417F77B3E22B62AD41, 046FED39B559B1EC79B7898A , ); "name" = "InfoPlist.strings"; "sourceTree" = "<group>"; }; "91740C5E49F49E4C80BAD897" = { "isa" = "PBXBuildFile"; "fileRef" = 9EEF7ED8BA243320704718F1; }; "C50C77366AA4862439449501" = { "isa" = "PBXFileReference"; "lastKnownFileType" = "text.xcconfig"; "path" = "Config/Development.xcconfig"; "sourceTree" = "<group>"; }; "A8792157CB4F27FB949C035F" = { "isa" = "PBXFileReference"; "explicitFileType" = "wrapper.application"; "includeInIndex" = 0; "path" = "PinHaoYun.app"; "sourceTree" = "BUILT_PRODUCTS_DIR"; }; "F739566ED5280322FF98A798" = { "isa" = "PBXFileReference"; "explicitFileType" = "wrapper.cfbundle"; "includeInIndex" = 0; "path" = "PinHaoYunTests.xctest"; "sourceTree" = "BUILT_PRODUCTS_DIR"; }; "0A3E27B8CA818264D75C8D81" = { "isa" = "PBXGroup"; "children" = ( A8792157CB4F27FB949C035F, F739566ED5280322FF98A798 , ); "name" = "Products"; "sourceTree" = "<group>"; }; "19F479106CE8C3BA8C106518" = { "isa" = "PBXGroup"; "children" = ( C955CD401DDAB00F47A58DC3, F89B661013D764BBF1B69690, 5D41EDF3E9895D2826CC84AF, E21B7C9A4EC551CD21F4409A, B97D70554917FC89A92480F2, B0E5D18AB35E9BE77584F6F2, DBC0632E95AA42593FAABCEF, 404880076E956D3F6D94086D, 6C0BA915872587F215A09016, 3F0BD2893841913A58E28DDA, 5B8B6C644EDB6E3C062EE65F, D0A8420A96D3B9E53C714992, F3D760AD97B4BE47D8A57B96, 89864C1267C042B03D4E3344, 95748857D287C14A20278824, 4AF2B89531B9E765FF83B0AD, 60127838A5CF3C5F070263B9, FF9201AE634A87FDA795CDD6, 0BF1DA254FD8E848A59F867E, 49ED4F2CF8F2C42AF2E07948, 9F0269B6077AB2AEB33F2065, 7FABE174E0F7A3305D2AB747, 16E7D55F9F0647CB3C104449, 9EEF7ED8BA243320704718F1, C50C77366AA4862439449501, 0A3E27B8CA818264D75C8D81 , ); "sourceTree" = "<group>"; }; "878A52FC5FF6A57D50B7B870" = { "isa" = "PBXSourcesBuildPhase"; "buildActionMask" = 2147483647; "files" = ( 7B8EB8C6608FC4327A65A72F, 4CD93254755EB8C1F2E80684, 1DB67CE41E34F14E3E03AF5E, 8725AB56E37EAF24442C7377, 844E845F91D5A81B4998CF85, E14E407295AFEC648534C81A, 6899AC41645354E855CFBD5B, 7E3B8E725218FDB6E9CBB504, 0A063F6B253C632F42435A55, 1582E9EC982A6C46B1A45E38, 805A41C0F23DBE1669E78570, 61D91C0670B6441A57D29827, 0A9B92639920DE14FF66C725, A1A23D2A3894006A1A165C5F, 8B610464D39FE3165B135615, 054B4EEB5CC7B404817FE7CE, F63A2347BEC2AF63D0285467, 719939BD3FFE5E2F2348EE18 , ); "runOnlyForDeploymentPostprocessing" = 0; }; "E2AA269EB967A8853A258BFA" = { "isa" = "PBXFrameworksBuildPhase"; "buildActionMask" = 2147483647; "files" = (  ); "runOnlyForDeploymentPostprocessing" = 0; }; "41D311A605520FC7B8B9A980" = { "isa" = "PBXResourcesBuildPhase"; "buildActionMask" = 2147483647; "files" = ( 1F6E259A6FB48A47B169043B, 7BB87A1DD03CE2DFAFA930F4, 6D3E1FE7B9D4981A01FED2ED, 91740C5E49F49E4C80BAD897 , ); "runOnlyForDeploymentPostprocessing" = 0; }; "DEE94446A282611C16F7781C" = { "isa" = "PBXSourcesBuildPhase"; "buildActionMask" = 2147483647; "files" = ( 3A35FFAEB72AB9886C8C7996, B9B9454BA276C759C462DE07 , ); "runOnlyForDeploymentPostprocessing" = 0; }; "B10CDED79664567B030B2B4F" = { "isa" = "PBXFrameworksBuildPhase"; "buildActionMask" = 2147483647; "files" = (  ); "runOnlyForDeploymentPostprocessing" = 0; }; "488864B3D19480A82F7F1786" = { "isa" = "XCBuildConfiguration"; "buildSettings" = { "IPHONEOS_DEPLOYMENT_TARGET" = "17.0"; "SDKROOT" = "iphoneos"; "SWIFT_VERSION" = "6.0"; "CLANG_ENABLE_MODULES" = "YES"; "CLANG_ENABLE_OBJC_ARC" = "YES"; "ENABLE_USER_SCRIPT_SANDBOXING" = "YES"; "SWIFT_STRICT_CONCURRENCY" = "complete"; "TARGETED_DEVICE_FAMILY" = "1"; "CODE_SIGN_STYLE" = "Automatic"; "SWIFT_OPTIMIZATION_LEVEL" = "-Onone"; "DEBUG_INFORMATION_FORMAT" = "dwarf"; "SWIFT_ACTIVE_COMPILATION_CONDITIONS" = "DEBUG"; "ENABLE_TESTABILITY" = "YES"; "ONLY_ACTIVE_ARCH" = "YES"; }; "name" = "Debug"; }; "35B1014F135DE9B45529B733" = { "isa" = "XCBuildConfiguration"; "buildSettings" = { "IPHONEOS_DEPLOYMENT_TARGET" = "17.0"; "SDKROOT" = "iphoneos"; "SWIFT_VERSION" = "6.0"; "CLANG_ENABLE_MODULES" = "YES"; "CLANG_ENABLE_OBJC_ARC" = "YES"; "ENABLE_USER_SCRIPT_SANDBOXING" = "YES"; "SWIFT_STRICT_CONCURRENCY" = "complete"; "TARGETED_DEVICE_FAMILY" = "1"; "CODE_SIGN_STYLE" = "Automatic"; "SWIFT_OPTIMIZATION_LEVEL" = "-O"; "DEBUG_INFORMATION_FORMAT" = "dwarf-with-dsym"; "SWIFT_COMPILATION_MODE" = "wholemodule"; }; "name" = "Release"; }; "AD1646610FAAB916B1DAB3FC" = { "isa" = "XCConfigurationList"; "buildConfigurations" = ( 488864B3D19480A82F7F1786, 35B1014F135DE9B45529B733 , ); "defaultConfigurationIsVisible" = 0; "defaultConfigurationName" = "Release"; }; "2A04C20BF6D5C20A63A1D4CC" = { "isa" = "XCBuildConfiguration"; "buildSettings" = { "PRODUCT_NAME" = "PinHaoYun"; "PRODUCT_MODULE_NAME" = "PinHaoYun"; "PRODUCT_BUNDLE_IDENTIFIER" = "com.jake177.pinhaoyun"; "INFOPLIST_FILE" = "App/Info.plist"; "GENERATE_INFOPLIST_FILE" = "NO"; "SWIFT_EMIT_LOC_STRINGS" = "YES"; "ASSETCATALOG_COMPILER_APPICON_NAME" = "AppIcon"; "MARKETING_VERSION" = "0.2.0"; "CURRENT_PROJECT_VERSION" = "3"; "SUPPORTED_PLATFORMS" = "iphoneos iphonesimulator"; "SUPPORTS_MACCATALYST" = "NO"; "LD_RUNPATH_SEARCH_PATHS" = "$(inherited) @executable_path/Frameworks"; "SWIFT_OPTIMIZATION_LEVEL" = "-Onone"; "DEBUG_INFORMATION_FORMAT" = "dwarf"; "SWIFT_ACTIVE_COMPILATION_CONDITIONS" = "DEBUG"; "ENABLE_TESTABILITY" = "YES"; "ONLY_ACTIVE_ARCH" = "YES"; }; "name" = "Debug"; "baseConfigurationReference" = C50C77366AA4862439449501; }; "E28089EB494F94D6F9770EC2" = { "isa" = "XCBuildConfiguration"; "buildSettings" = { "PRODUCT_NAME" = "PinHaoYun"; "PRODUCT_MODULE_NAME" = "PinHaoYun"; "PRODUCT_BUNDLE_IDENTIFIER" = "com.jake177.pinhaoyun"; "INFOPLIST_FILE" = "App/Info.plist"; "GENERATE_INFOPLIST_FILE" = "NO"; "SWIFT_EMIT_LOC_STRINGS" = "YES"; "ASSETCATALOG_COMPILER_APPICON_NAME" = "AppIcon"; "MARKETING_VERSION" = "0.2.0"; "CURRENT_PROJECT_VERSION" = "3"; "SUPPORTED_PLATFORMS" = "iphoneos iphonesimulator"; "SUPPORTS_MACCATALYST" = "NO"; "LD_RUNPATH_SEARCH_PATHS" = "$(inherited) @executable_path/Frameworks"; "SWIFT_OPTIMIZATION_LEVEL" = "-O"; "DEBUG_INFORMATION_FORMAT" = "dwarf-with-dsym"; "SWIFT_COMPILATION_MODE" = "wholemodule"; }; "name" = "Release"; "baseConfigurationReference" = C50C77366AA4862439449501; }; "46AC3131C121AE0DFB69E148" = { "isa" = "XCConfigurationList"; "buildConfigurations" = ( 2A04C20BF6D5C20A63A1D4CC, E28089EB494F94D6F9770EC2 , ); "defaultConfigurationIsVisible" = 0; "defaultConfigurationName" = "Release"; }; "12946E3301F628EAC49744B8" = { "isa" = "XCBuildConfiguration"; "buildSettings" = { "PRODUCT_NAME" = "PinHaoYunTests"; "PRODUCT_BUNDLE_IDENTIFIER" = "com.jake177.pinhaoyun.tests"; "GENERATE_INFOPLIST_FILE" = "YES"; "TEST_HOST" = "$(BUILT_PRODUCTS_DIR)/PinHaoYun.app/PinHaoYun"; "BUNDLE_LOADER" = "$(TEST_HOST)"; "SWIFT_OPTIMIZATION_LEVEL" = "-Onone"; "DEBUG_INFORMATION_FORMAT" = "dwarf"; "SWIFT_ACTIVE_COMPILATION_CONDITIONS" = "DEBUG"; "ENABLE_TESTABILITY" = "YES"; "ONLY_ACTIVE_ARCH" = "YES"; }; "name" = "Debug"; "baseConfigurationReference" = C50C77366AA4862439449501; }; "42EE86C84AAD61C6F57FBD29" = { "isa" = "XCBuildConfiguration"; "buildSettings" = { "PRODUCT_NAME" = "PinHaoYunTests"; "PRODUCT_BUNDLE_IDENTIFIER" = "com.jake177.pinhaoyun.tests"; "GENERATE_INFOPLIST_FILE" = "YES"; "TEST_HOST" = "$(BUILT_PRODUCTS_DIR)/PinHaoYun.app/PinHaoYun"; "BUNDLE_LOADER" = "$(TEST_HOST)"; "SWIFT_OPTIMIZATION_LEVEL" = "-O"; "DEBUG_INFORMATION_FORMAT" = "dwarf-with-dsym"; "SWIFT_COMPILATION_MODE" = "wholemodule"; }; "name" = "Release"; "baseConfigurationReference" = C50C77366AA4862439449501; }; "DF8FAEEBE999D23EB2736268" = { "isa" = "XCConfigurationList"; "buildConfigurations" = ( 12946E3301F628EAC49744B8, 42EE86C84AAD61C6F57FBD29 , ); "defaultConfigurationIsVisible" = 0; "defaultConfigurationName" = "Release"; }; "DAB01D73CBBCF1FEDE84E2D6" = { "isa" = "PBXContainerItemProxy"; "containerPortal" = 244210E48437B6556980A702; "proxyType" = 1; "remoteGlobalIDString" = C1E9827DB735CA9BAA54A540; "remoteInfo" = "PinHaoYun"; }; "F9A94CEF8CF7D85CE881E703" = { "isa" = "PBXTargetDependency"; "target" = C1E9827DB735CA9BAA54A540; "targetProxy" = DAB01D73CBBCF1FEDE84E2D6; }; "C1E9827DB735CA9BAA54A540" = { "isa" = "PBXNativeTarget"; "buildConfigurationList" = 46AC3131C121AE0DFB69E148; "buildPhases" = ( 878A52FC5FF6A57D50B7B870, E2AA269EB967A8853A258BFA, 41D311A605520FC7B8B9A980 , ); "buildRules" = (  ); "dependencies" = (  ); "name" = "PinHaoYun"; "productName" = "PinHaoYun"; "productReference" = A8792157CB4F27FB949C035F; "productType" = "com.apple.product-type.application"; }; "9805CBD60EB4F66728D5D195" = { "isa" = "PBXNativeTarget"; "buildConfigurationList" = DF8FAEEBE999D23EB2736268; "buildPhases" = ( DEE94446A282611C16F7781C, B10CDED79664567B030B2B4F , ); "buildRules" = (  ); "dependencies" = ( F9A94CEF8CF7D85CE881E703 , ); "name" = "PinHaoYunTests"; "productName" = "PinHaoYunTests"; "productReference" = F739566ED5280322FF98A798; "productType" = "com.apple.product-type.bundle.unit-test"; }; "244210E48437B6556980A702" = { "isa" = "PBXProject"; "attributes" = { "BuildIndependentTargetsInParallel" = "YES"; "LastUpgradeCheck" = "2700"; "TargetAttributes" = { "C1E9827DB735CA9BAA54A540" = { "CreatedOnToolsVersion" = "27.0"; }; "9805CBD60EB4F66728D5D195" = { "CreatedOnToolsVersion" = "27.0"; "TestTargetID" = C1E9827DB735CA9BAA54A540; }; }; }; "buildConfigurationList" = AD1646610FAAB916B1DAB3FC; "compatibilityVersion" = "Xcode 14.0"; "developmentRegion" = "en"; "hasScannedForEncodings" = 0; "knownRegions" = ( "en", "Base", "zh-Hans" , ); "mainGroup" = 19F479106CE8C3BA8C106518; "productRefGroup" = 0A3E27B8CA818264D75C8D81; "projectDirPath" = ""; "projectRoot" = ""; "targets" = ( C1E9827DB735CA9BAA54A540, 9805CBD60EB4F66728D5D195 , ); }; }; "rootObject" = 244210E48437B6556980A702; }
